// !$*UTF8*$!
{
	archiveVersion = 1;
	classes = {
	};
	objectVersion = 50;
	objects = {

/* Begin PBXBuildFile section */
		38DC0DC0227464BE00C5B793 /* AppDelegate.swift in Sources */ = {isa = PBXBuildFile; fileRef = 38DC0DBF227464BE00C5B793 /* AppDelegate.swift */; };
		38DC0DC2227464BE00C5B793 /* MovieListViewController.swift in Sources */ = {isa = PBXBuildFile; fileRef = 38DC0DC1227464BE00C5B793 /* MovieListViewController.swift */; };
		38DC0DC7227464BF00C5B793 /* Assets.xcassets in Resources */ = {isa = PBXBuildFile; fileRef = 38DC0DC6227464BF00C5B793 /* Assets.xcassets */; };
		38DC0DCA227464BF00C5B793 /* LaunchScreen.storyboard in Resources */ = {isa = PBXBuildFile; fileRef = 38DC0DC8227464BF00C5B793 /* LaunchScreen.storyboard */; };
		38DC0DD5227464BF00C5B793 /* MovieDBTests.swift in Sources */ = {isa = PBXBuildFile; fileRef = 38DC0DD4227464BF00C5B793 /* MovieDBTests.swift */; };
		38DC0DE72274681000C5B793 /* MovieDetailViewController.swift in Sources */ = {isa = PBXBuildFile; fileRef = 38DC0DE62274681000C5B793 /* MovieDetailViewController.swift */; };
/* End PBXBuildFile section */

/* Begin PBXContainerItemProxy section */
		38DC0DD1227464BF00C5B793 /* PBXContainerItemProxy */ = {
			isa = PBXContainerItemProxy;
			containerPortal = 38DC0DB4227464BE00C5B793 /* Project object */;
			proxyType = 1;
			remoteGlobalIDString = 38DC0DBB227464BE00C5B793;
			remoteInfo = MovieDB;
		};
/* End PBXContainerItemProxy section */

/* Begin PBXFileReference section */
		38DC0DBC227464BE00C5B793 /* MovieDB.app */ = {isa = PBXFileReference; explicitFileType = wrapper.application; includeInIndex = 0; path = MovieDB.app; sourceTree = BUILT_PRODUCTS_DIR; };
		38DC0DBF227464BE00C5B793 /* AppDelegate.swift */ = {isa = PBXFileReference; lastKnownFileType = sourcecode.swift; path = AppDelegate.swift; sourceTree = "<group>"; };
		38DC0DC1227464BE00C5B793 /* MovieListViewController.swift */ = {isa = PBXFileReference; lastKnownFileType = sourcecode.swift; path = MovieListViewController.swift; sourceTree = "<group>"; };
		38DC0DC6227464BF00C5B793 /* Assets.xcassets */ = {isa = PBXFileReference; lastKnownFileType = folder.assetcatalog; path = Assets.xcassets; sourceTree = "<group>"; };
		38DC0DC9227464BF00C5B793 /* Base */ = {isa = PBXFileReference; lastKnownFileType = file.storyboard; name = Base; path = Base.lproj/LaunchScreen.storyboard; sourceTree = "<group>"; };
		38DC0DCB227464BF00C5B793 /* Info.plist */ = {isa = PBXFileReference; lastKnownFileType = text.plist.xml; path = Info.plist; sourceTree = "<group>"; };
		38DC0DD0227464BF00C5B793 /* MovieDBTests.xctest */ = {isa = PBXFileReference; explicitFileType = wrapper.cfbundle; includeInIndex = 0; path = MovieDBTests.xctest; sourceTree = BUILT_PRODUCTS_DIR; };
		38DC0DD4227464BF00C5B793 /* MovieDBTests.swift */ = {isa = PBXFileReference; lastKnownFileType = sourcecode.swift; path = MovieDBTests.swift; sourceTree = "<group>"; };
		38DC0DD6227464BF00C5B793 /* Info.plist */ = {isa = PBXFileReference; lastKnownFileType = text.plist.xml; path = Info.plist; sourceTree = "<group>"; };
		38DC0DE62274681000C5B793 /* MovieDetailViewController.swift */ = {isa = PBXFileReference; lastKnownFileType = sourcecode.swift; path = MovieDetailViewController.swift; sourceTree = "<group>"; };
/* End PBXFileReference section */

/* Begin PBXFrameworksBuildPhase section */
		38DC0DB9227464BE00C5B793 /* Frameworks */ = {
			isa = PBXFrameworksBuildPhase;
			buildActionMask = 2147483647;
			files = (
			);
			runOnlyForDeploymentPostprocessing = 0;
		};
		38DC0DCD227464BF00C5B793 /* Frameworks */ = {
			isa = PBXFrameworksBuildPhase;
			buildActionMask = 2147483647;
			files = (
			);
			runOnlyForDeploymentPostprocessing = 0;
		};
/* End PBXFrameworksBuildPhase section */

/* Begin PBXGroup section */
		38DC0DB3227464BE00C5B793 = {
			isa = PBXGroup;
			children = (
				38DC0DBE227464BE00C5B793 /* MovieDB */,
				38DC0DD3227464BF00C5B793 /* MovieDBTests */,
				38DC0DBD227464BE00C5B793 /* Products */,
			);
			sourceTree = "<group>";
		};
		38DC0DBD227464BE00C5B793 /* Products */ = {
			isa = PBXGroup;
			children = (
				38DC0DBC227464BE00C5B793 /* MovieDB.app */,
				38DC0DD0227464BF00C5B793 /* MovieDBTests.xctest */,
			);
			name = Products;
			sourceTree = "<group>";
		};
		38DC0DBE227464BE00C5B793 /* MovieDB */ = {
			isa = PBXGroup;
			children = (
				38DC0DBF227464BE00C5B793 /* AppDelegate.swift */,
				38DC0DE1227465CE00C5B793 /* View Cpntrollers */,
				38DC0DDF2274650600C5B793 /* Resources */,
			);
			path = MovieDB;
			sourceTree = "<group>";
		};
		38DC0DD3227464BF00C5B793 /* MovieDBTests */ = {
			isa = PBXGroup;
			children = (
				38DC0DD4227464BF00C5B793 /* MovieDBTests.swift */,
				38DC0DD6227464BF00C5B793 /* Info.plist */,
			);
			path = MovieDBTests;
			sourceTree = "<group>";
		};
		38DC0DDF2274650600C5B793 /* Resources */ = {
			isa = PBXGroup;
			children = (
				38DC0DCB227464BF00C5B793 /* Info.plist */,
				38DC0DC8227464BF00C5B793 /* LaunchScreen.storyboard */,
				38DC0DC6227464BF00C5B793 /* Assets.xcassets */,
			);
			path = Resources;
			sourceTree = "<group>";
		};
		38DC0DE1227465CE00C5B793 /* View Cpntrollers */ = {
			isa = PBXGroup;
			children = (
				38DC0DC1227464BE00C5B793 /* MovieListViewController.swift */,
				38DC0DE62274681000C5B793 /* MovieDetailViewController.swift */,
			);
			path = "View Cpntrollers";
			sourceTree = "<group>";
		};
/* End PBXGroup section */

/* Begin PBXNativeTarget section */
		38DC0DBB227464BE00C5B793 /* MovieDB */ = {
			isa = PBXNativeTarget;
			buildConfigurationList = 38DC0DD9227464BF00C5B793 /* Build configuration list for PBXNativeTarget "MovieDB" */;
			buildPhases = (
				38DC0DB8227464BE00C5B793 /* Sources */,
				38DC0DB9227464BE00C5B793 /* Frameworks */,
				38DC0DBA227464BE00C5B793 /* Resources */,
			);
			buildRules = (
			);
			dependencies = (
			);
			name = MovieDB;
			productName = MovieDB;
			productReference = 38DC0DBC227464BE00C5B793 /* MovieDB.app */;
			productType = "com.apple.product-type.application";
		};
		38DC0DCF227464BF00C5B793 /* MovieDBTests */ = {
			isa = PBXNativeTarget;
			buildConfigurationList = 38DC0DDC227464BF00C5B793 /* Build configuration list for PBXNativeTarget "MovieDBTests" */;
			buildPhases = (
				38DC0DCC227464BF00C5B793 /* Sources */,
				38DC0DCD227464BF00C5B793 /* Frameworks */,
				38DC0DCE227464BF00C5B793 /* Resources */,
			);
			buildRules = (
			);
			dependencies = (
				38DC0DD2227464BF00C5B793 /* PBXTargetDependency */,
			);
			name = MovieDBTests;
			productName = MovieDBTests;
			productReference = 38DC0DD0227464BF00C5B793 /* MovieDBTests.xctest */;
			productType = "com.apple.product-type.bundle.unit-test";
		};
/* End PBXNativeTarget section */

/* Begin PBXProject section */
		38DC0DB4227464BE00C5B793 /* Project object */ = {
			isa = PBXProject;
			attributes = {
				LastSwiftUpdateCheck = 1020;
				LastUpgradeCheck = 1020;
				ORGANIZATIONNAME = netguru;
				TargetAttributes = {
					38DC0DBB227464BE00C5B793 = {
						CreatedOnToolsVersion = 10.2.1;
					};
					38DC0DCF227464BF00C5B793 = {
						CreatedOnToolsVersion = 10.2.1;
						TestTargetID = 38DC0DBB227464BE00C5B793;
					};
				};
			};
			buildConfigurationList = 38DC0DB7227464BE00C5B793 /* Build configuration list for PBXProject "MovieDB" */;
			compatibilityVersion = "Xcode 9.3";
			developmentRegion = en;
			hasScannedForEncodings = 0;
			knownRegions = (
				en,
				Base,
			);
			mainGroup = 38DC0DB3227464BE00C5B793;
			productRefGroup = 38DC0DBD227464BE00C5B793 /* Products */;
			projectDirPath = "";
			projectRoot = "";
			targets = (
				38DC0DBB227464BE00C5B793 /* MovieDB */,
				38DC0DCF227464BF00C5B793 /* MovieDBTests */,
			);
		};
/* End PBXProject section */

/* Begin PBXResourcesBuildPhase section */
		38DC0DBA227464BE00C5B793 /* Resources */ = {
			isa = PBXResourcesBuildPhase;
			buildActionMask = 2147483647;
			files = (
				38DC0DCA227464BF00C5B793 /* LaunchScreen.storyboard in Resources */,
				38DC0DC7227464BF00C5B793 /* Assets.xcassets in Resources */,
			);
			runOnlyForDeploymentPostprocessing = 0;
		};
		38DC0DCE227464BF00C5B793 /* Resources */ = {
			isa = PBXResourcesBuildPhase;
			buildActionMask = 2147483647;
			files = (
			);
			runOnlyForDeploymentPostprocessing = 0;
		};
/* End PBXResourcesBuildPhase section */

/* Begin PBXSourcesBuildPhase section */
		38DC0DB8227464BE00C5B793 /* Sources */ = {
			isa = PBXSourcesBuildPhase;
			buildActionMask = 2147483647;
			files = (
				38DC0DC2227464BE00C5B793 /* MovieListViewController.swift in Sources */,
				38DC0DE72274681000C5B793 /* MovieDetailViewController.swift in Sources */,
				38DC0DC0227464BE00C5B793 /* AppDelegate.swift in Sources */,
			);
			runOnlyForDeploymentPostprocessing = 0;
		};
		38DC0DCC227464BF00C5B793 /* Sources */ = {
			isa = PBXSourcesBuildPhase;
			buildActionMask = 2147483647;
			files = (
				38DC0DD5227464BF00C5B793 /* MovieDBTests.swift in Sources */,
			);
			runOnlyForDeploymentPostprocessing = 0;
		};
/* End PBXSourcesBuildPhase section */

/* Begin PBXTargetDependency section */
		38DC0DD2227464BF00C5B793 /* PBXTargetDependency */ = {
			isa = PBXTargetDependency;
			target = 38DC0DBB227464BE00C5B793 /* MovieDB */;
			targetProxy = 38DC0DD1227464BF00C5B793 /* PBXContainerItemProxy */;
		};
/* End PBXTargetDependency section */

/* Begin PBXVariantGroup section */
		38DC0DC8227464BF00C5B793 /* LaunchScreen.storyboard */ = {
			isa = PBXVariantGroup;
			children = (
				38DC0DC9227464BF00C5B793 /* Base */,
			);
			name = LaunchScreen.storyboard;
			sourceTree = "<group>";
		};
/* End PBXVariantGroup section */

/* Begin XCBuildConfiguration section */
		38DC0DD7227464BF00C5B793 /* Debug */ = {
			isa = XCBuildConfiguration;
			buildSettings = {
				ALWAYS_SEARCH_USER_PATHS = NO;
				CLANG_ANALYZER_NONNULL = YES;
				CLANG_ANALYZER_NUMBER_OBJECT_CONVERSION = YES_AGGRESSIVE;
				CLANG_CXX_LANGUAGE_STANDARD = "gnu++14";
				CLANG_CXX_LIBRARY = "libc++";
				CLANG_ENABLE_MODULES = YES;
				CLANG_ENABLE_OBJC_ARC = YES;
				CLANG_ENABLE_OBJC_WEAK = YES;
				CLANG_WARN_BLOCK_CAPTURE_AUTORELEASING = YES;
				CLANG_WARN_BOOL_CONVERSION = YES;
				CLANG_WARN_COMMA = YES;
				CLANG_WARN_CONSTANT_CONVERSION = YES;
				CLANG_WARN_DEPRECATED_OBJC_IMPLEMENTATIONS = YES;
				CLANG_WARN_DIRECT_OBJC_ISA_USAGE = YES_ERROR;
				CLANG_WARN_DOCUMENTATION_COMMENTS = YES;
				CLANG_WARN_EMPTY_BODY = YES;
				CLANG_WARN_ENUM_CONVERSION = YES;
				CLANG_WARN_INFINITE_RECURSION = YES;
				CLANG_WARN_INT_CONVERSION = YES;
				CLANG_WARN_NON_LITERAL_NULL_CONVERSION = YES;
				CLANG_WARN_OBJC_IMPLICIT_RETAIN_SELF = YES;
				CLANG_WARN_OBJC_LITERAL_CONVERSION = YES;
				CLANG_WARN_OBJC_ROOT_CLASS = YES_ERROR;
				CLANG_WARN_RANGE_LOOP_ANALYSIS = YES;
				CLANG_WARN_STRICT_PROTOTYPES = YES;
				CLANG_WARN_SUSPICIOUS_MOVE = YES;
				CLANG_WARN_UNGUARDED_AVAILABILITY = YES_AGGRESSIVE;
				CLANG_WARN_UNREACHABLE_CODE = YES;
				CLANG_WARN__DUPLICATE_METHOD_MATCH = YES;
				CODE_SIGN_IDENTITY = "iPhone Developer";
				COPY_PHASE_STRIP = NO;
				DEBUG_INFORMATION_FORMAT = dwarf;
				ENABLE_STRICT_OBJC_MSGSEND = YES;
				ENABLE_TESTABILITY = YES;
				GCC_C_LANGUAGE_STANDARD = gnu11;
				GCC_DYNAMIC_NO_PIC = NO;
				GCC_NO_COMMON_BLOCKS = YES;
				GCC_OPTIMIZATION_LEVEL = 0;
				GCC_PREPROCESSOR_DEFINITIONS = (
					"DEBUG=1",
					"$(inherited)",
				);
				GCC_WARN_64_TO_32_BIT_CONVERSION = YES;
				GCC_WARN_ABOUT_RETURN_TYPE = YES_ERROR;
				GCC_WARN_UNDECLARED_SELECTOR = YES;
				GCC_WARN_UNINITIALIZED_AUTOS = YES_AGGRESSIVE;
				GCC_WARN_UNUSED_FUNCTION = YES;
				GCC_WARN_UNUSED_VARIABLE = YES;
				IPHONEOS_DEPLOYMENT_TARGET = 12.2;
				MTL_ENABLE_DEBUG_INFO = INCLUDE_SOURCE;
				MTL_FAST_MATH = YES;
				ONLY_ACTIVE_ARCH = YES;
				SDKROOT = iphoneos;
				SWIFT_ACTIVE_COMPILATION_CONDITIONS = DEBUG;
				SWIFT_OPTIMIZATION_LEVEL = "-Onone";
			};
			name = Debug;
		};
		38DC0DD8227464BF00C5B793 /* Release */ = {
			isa = XCBuildConfiguration;
			buildSettings = {
				ALWAYS_SEARCH_USER_PATHS = NO;
				CLANG_ANALYZER_NONNULL = YES;
				CLANG_ANALYZER_NUMBER_OBJECT_CONVERSION = YES_AGGRESSIVE;
				CLANG_CXX_LANGUAGE_STANDARD = "gnu++14";
				CLANG_CXX_LIBRARY = "libc++";
				CLANG_ENABLE_MODULES = YES;
				CLANG_ENABLE_OBJC_ARC = YES;
				CLANG_ENABLE_OBJC_WEAK = YES;
				CLANG_WARN_BLOCK_CAPTURE_AUTORELEASING = YES;
				CLANG_WARN_BOOL_CONVERSION = YES;
				CLANG_WARN_COMMA = YES;
				CLANG_WARN_CONSTANT_CONVERSION = YES;
				CLANG_WARN_DEPRECATED_OBJC_IMPLEMENTATIONS = YES;
				CLANG_WARN_DIRECT_OBJC_ISA_USAGE = YES_ERROR;
				CLANG_WARN_DOCUMENTATION_COMMENTS = YES;
				CLANG_WARN_EMPTY_BODY = YES;
				CLANG_WARN_ENUM_CONVERSION = YES;
				CLANG_WARN_INFINITE_RECURSION = YES;
				CLANG_WARN_INT_CONVERSION = YES;
				CLANG_WARN_NON_LITERAL_NULL_CONVERSION = YES;
				CLANG_WARN_OBJC_IMPLICIT_RETAIN_SELF = YES;
				CLANG_WARN_OBJC_LITERAL_CONVERSION = YES;
				CLANG_WARN_OBJC_ROOT_CLASS = YES_ERROR;
				CLANG_WARN_RANGE_LOOP_ANALYSIS = YES;
				CLANG_WARN_STRICT_PROTOTYPES = YES;
				CLANG_WARN_SUSPICIOUS_MOVE = YES;
				CLANG_WARN_UNGUARDED_AVAILABILITY = YES_AGGRESSIVE;
				CLANG_WARN_UNREACHABLE_CODE = YES;
				CLANG_WARN__DUPLICATE_METHOD_MATCH = YES;
				CODE_SIGN_IDENTITY = "iPhone Developer";
				COPY_PHASE_STRIP = NO;
				DEBUG_INFORMATION_FORMAT = "dwarf-with-dsym";
				ENABLE_NS_ASSERTIONS = NO;
				ENABLE_STRICT_OBJC_MSGSEND = YES;
				GCC_C_LANGUAGE_STANDARD = gnu11;
				GCC_NO_COMMON_BLOCKS = YES;
				GCC_WARN_64_TO_32_BIT_CONVERSION = YES;
				GCC_WARN_ABOUT_RETURN_TYPE = YES_ERROR;
				GCC_WARN_UNDECLARED_SELECTOR = YES;
				GCC_WARN_UNINITIALIZED_AUTOS = YES_AGGRESSIVE;
				GCC_WARN_UNUSED_FUNCTION = YES;
				GCC_WARN_UNUSED_VARIABLE = YES;
				IPHONEOS_DEPLOYMENT_TARGET = 12.2;
				MTL_ENABLE_DEBUG_INFO = NO;
				MTL_FAST_MATH = YES;
				SDKROOT = iphoneos;
				SWIFT_COMPILATION_MODE = wholemodule;
				SWIFT_OPTIMIZATION_LEVEL = "-O";
				VALIDATE_PRODUCT = YES;
			};
			name = Release;
		};
		38DC0DDA227464BF00C5B793 /* Debug */ = {
			isa = XCBuildConfiguration;
			buildSettings = {
				ASSETCATALOG_COMPILER_APPICON_NAME = AppIcon;
				CODE_SIGN_STYLE = Manual;
				DEVELOPMENT_TEAM = 9HJ69C5G9K;
				INFOPLIST_FILE = MovieDB/Resources/Info.plist;
				LD_RUNPATH_SEARCH_PATHS = (
					"$(inherited)",
					"@executable_path/Frameworks",
				);
				PRODUCT_BUNDLE_IDENTIFIER = com.netguru.development.moviedb;
				PRODUCT_NAME = "$(TARGET_NAME)";
				PROVISIONING_PROFILE_SPECIFIER = "Netguru Development Wildcard";
				SWIFT_VERSION = 5.0;
				TARGETED_DEVICE_FAMILY = "1,2";
			};
			name = Debug;
		};
		38DC0DDB227464BF00C5B793 /* Release */ = {
			isa = XCBuildConfiguration;
			buildSettings = {
				ASSETCATALOG_COMPILER_APPICON_NAME = AppIcon;
				CODE_SIGN_STYLE = Manual;
				DEVELOPMENT_TEAM = "";
				INFOPLIST_FILE = MovieDB/Resources/Info.plist;
				LD_RUNPATH_SEARCH_PATHS = (
					"$(inherited)",
					"@executable_path/Frameworks",
				);
				PRODUCT_BUNDLE_IDENTIFIER = com.netguru.development.moviedb;
				PRODUCT_NAME = "$(TARGET_NAME)";
				PROVISIONING_PROFILE_SPECIFIER = "";
				SWIFT_VERSION = 5.0;
				TARGETED_DEVICE_FAMILY = "1,2";
			};
			name = Release;
		};
		38DC0DDD227464BF00C5B793 /* Debug */ = {
			isa = XCBuildConfiguration;
			buildSettings = {
				ALWAYS_EMBED_SWIFT_STANDARD_LIBRARIES = YES;
				BUNDLE_LOADER = "$(TEST_HOST)";
				CODE_SIGN_STYLE = Automatic;
				DEVELOPMENT_TEAM = 9HJ69C5G9K;
				INFOPLIST_FILE = MovieDBTests/Info.plist;
				LD_RUNPATH_SEARCH_PATHS = (
					"$(inherited)",
					"@executable_path/Frameworks",
					"@loader_path/Frameworks",
				);
				PRODUCT_BUNDLE_IDENTIFIER = netguru.MovieDBTests;
				PRODUCT_NAME = "$(TARGET_NAME)";
				SWIFT_VERSION = 5.0;
				TARGETED_DEVICE_FAMILY = "1,2";
				TEST_HOST = "$(BUILT_PRODUCTS_DIR)/MovieDB.app/MovieDB";
			};
			name = Debug;
		};
		38DC0DDE227464BF00C5B793 /* Release */ = {
			isa = XCBuildConfiguration;
			buildSettings = {
				ALWAYS_EMBED_SWIFT_STANDARD_LIBRARIES = YES;
				BUNDLE_LOADER = "$(TEST_HOST)";
				CODE_SIGN_STYLE = Automatic;
				DEVELOPMENT_TEAM = 9HJ69C5G9K;
				INFOPLIST_FILE = MovieDBTests/Info.plist;
				LD_RUNPATH_SEARCH_PATHS = (
					"$(inherited)",
					"@executable_path/Frameworks",
					"@loader_path/Frameworks",
				);
				PRODUCT_BUNDLE_IDENTIFIER = netguru.MovieDBTests;
				PRODUCT_NAME = "$(TARGET_NAME)";
				SWIFT_VERSION = 5.0;
				TARGETED_DEVICE_FAMILY = "1,2";
				TEST_HOST = "$(BUILT_PRODUCTS_DIR)/MovieDB.app/MovieDB";
			};
			name = Release;
		};
/* End XCBuildConfiguration section */

/* Begin XCConfigurationList section */
		38DC0DB7227464BE00C5B793 /* Build configuration list for PBXProject "MovieDB" */ = {
			isa = XCConfigurationList;
			buildConfigurations = (
				38DC0DD7227464BF00C5B793 /* Debug */,
				38DC0DD8227464BF00C5B793 /* Release */,
			);
			defaultConfigurationIsVisible = 0;
			defaultConfigurationName = Release;
		};
		38DC0DD9227464BF00C5B793 /* Build configuration list for PBXNativeTarget "MovieDB" */ = {
			isa = XCConfigurationList;
			buildConfigurations = (
				38DC0DDA227464BF00C5B793 /* Debug */,
				38DC0DDB227464BF00C5B793 /* Release */,
			);
			defaultConfigurationIsVisible = 0;
			defaultConfigurationName = Release;
		};
		38DC0DDC227464BF00C5B793 /* Build configuration list for PBXNativeTarget "MovieDBTests" */ = {
			isa = XCConfigurationList;
			buildConfigurations = (
				38DC0DDD227464BF00C5B793 /* Debug */,
				38DC0DDE227464BF00C5B793 /* Release */,
			);
			defaultConfigurationIsVisible = 0;
			defaultConfigurationName = Release;
		};
/* End XCConfigurationList section */
	};
	rootObject = 38DC0DB4227464BE00C5B793 /* Project object */;
}
